{
	"name": "portfolio-site",
	"version": "0.0.1",
	"lockfileVersion": 3,
	"requires": true,
	"packages": {
		"": {
			"name": "portfolio-site",
			"version": "0.0.1",
			"dependencies": {
				"@sveltejs/adapter-auto": "^6.0.0",
				"@threlte/core": "^8.1.5",
				"@threlte/extras": "^9.5.4",
				"svelte-cubed": "^0.2.1",
				"three": "^0.180.0"
			},
			"devDependencies": {
				"@sveltejs/adapter-auto": "^6.0.0",
				"@sveltejs/adapter-static": "^3.0.9",
				"@sveltejs/kit": "^2.16.0",
				"@sveltejs/vite-plugin-svelte": "^5.0.0",
				"prettier": "^3.4.2",
				"prettier-plugin-svelte": "^3.3.3",
				"svelte": "^5.0.0",
				"svelte-check": "^4.0.0",
				"typescript": "^5.0.0",
				"vite": "^6.2.6"
			}
		},
		"node_modules/@ampproject/remapping": {
			"version": "2.3.0",
			"resolved": "https://registry.npmjs.org/@ampproject/remapping/-/remapping-2.3.0.tgz",
			"integrity": "sha512-30iZtAPgz+LTIYoeivqYo853f02jBYSd5uGnGpkFV0M3xOt9aN73erkgYAmZU43x4VfqcnLxW9Kpg3R5LC4YYw==",
			"license": "Apache-2.0",
			"dependencies": {
				"@jridgewell/gen-mapping": "^0.3.5",
				"@jridgewell/trace-mapping": "^0.3.24"
			},
			"engines": {
				"node": ">=6.0.0"
			}
		},
		"node_modules/@dimforge/rapier3d-compat": {
			"version": "0.12.0",
			"resolved": "https://registry.npmjs.org/@dimforge/rapier3d-compat/-/rapier3d-compat-0.12.0.tgz",
			"integrity": "sha512-uekIGetywIgopfD97oDL5PfeezkFpNhwlzlaEYNOA0N6ghdsOvh/HYjSMek5Q2O1PYvRSDFcqFVJl4r4ZBwOow==",
			"license": "Apache-2.0",
			"peer": true
		},
		"node_modules/@esbuild/linux-x64": {
			"version": "0.25.4",
			"resolved": "https://registry.npmjs.org/@esbuild/linux-x64/-/linux-x64-0.25.4.tgz",
			"integrity": "sha512-6e0cvXwzOnVWJHq+mskP8DNSrKBr1bULBvnFLpc1KY+d+irZSgZ02TGse5FsafKS5jg2e4pbvK6TPXaF/A6+CA==",
			"cpu": [
				"x64"
			],
			"dev": true,
			"license": "MIT",
			"optional": true,
			"os": [
				"linux"
			],
			"engines": {
				"node": ">=18"
			}
		},
		"node_modules/@jridgewell/gen-mapping": {
			"version": "0.3.8",
			"resolved": "https://registry.npmjs.org/@jridgewell/gen-mapping/-/gen-mapping-0.3.8.tgz",
			"integrity": "sha512-imAbBGkb+ebQyxKgzv5Hu2nmROxoDOXHh80evxdoXNOrvAnVx7zimzc1Oo5h9RlfV4vPXaE2iM5pOFbvOCClWA==",
			"license": "MIT",
			"dependencies": {
				"@jridgewell/set-array": "^1.2.1",
				"@jridgewell/sourcemap-codec": "^1.4.10",
				"@jridgewell/trace-mapping": "^0.3.24"
			},
			"engines": {
				"node": ">=6.0.0"
			}
		},
		"node_modules/@jridgewell/resolve-uri": {
			"version": "3.1.2",
			"resolved": "https://registry.npmjs.org/@jridgewell/resolve-uri/-/resolve-uri-3.1.2.tgz",
			"integrity": "sha512-bRISgCIjP20/tbWSPWMEi54QVPRZExkuD9lJL+UIxUKtwVJA8wW1Trb1jMs1RFXo1CBTNZ/5hpC9QvmKWdopKw==",
			"license": "MIT",
			"engines": {
				"node": ">=6.0.0"
			}
		},
		"node_modules/@jridgewell/set-array": {
			"version": "1.2.1",
			"resolved": "https://registry.npmjs.org/@jridgewell/set-array/-/set-array-1.2.1.tgz",
			"integrity": "sha512-R8gLRTZeyp03ymzP/6Lil/28tGeGEzhx1q2k703KGWRAI1VdvPIXdG70VJc2pAMw3NA6JKL5hhFu1sJX0Mnn/A==",
			"license": "MIT",
			"engines": {
				"node": ">=6.0.0"
			}
		},
		"node_modules/@jridgewell/sourcemap-codec": {
			"version": "1.5.0",
			"resolved": "https://registry.npmjs.org/@jridgewell/sourcemap-codec/-/sourcemap-codec-1.5.0.tgz",
			"integrity": "sha512-gv3ZRaISU3fjPAgNsriBRqGWQL6quFx04YMPW/zD8XMLsU32mhCCbfbO6KZFLjvYpCZ8zyDEgqsgf+PwPaM7GQ==",
			"license": "MIT"
		},
		"node_modules/@jridgewell/trace-mapping": {
			"version": "0.3.25",
			"resolved": "https://registry.npmjs.org/@jridgewell/trace-mapping/-/trace-mapping-0.3.25.tgz",
			"integrity": "sha512-vNk6aEwybGtawWmy/PzwnGDOjCkLWSD2wqvjGGAgOAwCGWySYXfYoxt00IJkTF+8Lb57DwOb3Aa0o9CApepiYQ==",
			"license": "MIT",
			"dependencies": {
				"@jridgewell/resolve-uri": "^3.1.0",
				"@jridgewell/sourcemap-codec": "^1.4.14"
			}
		},
		"node_modules/@polka/url": {
			"version": "1.0.0-next.29",
			"resolved": "https://registry.npmjs.org/@polka/url/-/url-1.0.0-next.29.tgz",
			"integrity": "sha512-wwQAWhWSuHaag8c4q/KN/vCoeOJYshAIvMQwD4GpSb3OiZklFfvAgmj0VCBBImRpuF/aFgIRzllXlVX93Jevww==",
			"dev": true,
			"license": "MIT"
		},
		"node_modules/@rollup/rollup-linux-x64-gnu": {
			"version": "4.40.2",
			"resolved": "https://registry.npmjs.org/@rollup/rollup-linux-x64-gnu/-/rollup-linux-x64-gnu-4.40.2.tgz",
			"integrity": "sha512-lG7Xa+BmBNwpjmVUbmyKxdQJ3Q6whHjMjzQplOs5Z+Gj7mxPtWakGHqzMqNER68G67kmCX9qX57aRsW5V0VOng==",
			"cpu": [
				"x64"
			],
			"dev": true,
			"license": "MIT",
			"optional": true,
			"os": [
				"linux"
			]
		},
		"node_modules/@rollup/rollup-linux-x64-musl": {
			"version": "4.40.2",
			"resolved": "https://registry.npmjs.org/@rollup/rollup-linux-x64-musl/-/rollup-linux-x64-musl-4.40.2.tgz",
			"integrity": "sha512-tD46wKHd+KJvsmije4bUskNuvWKFcTOIM9tZ/RrmIvcXnbi0YK/cKS9FzFtAm7Oxi2EhV5N2OpfFB348vSQRXA==",
			"cpu": [
				"x64"
			],
			"dev": true,
			"license": "MIT",
			"optional": true,
			"os": [
				"linux"
			]
		},
		"node_modules/@sveltejs/acorn-typescript": {
			"version": "1.0.5",
			"resolved": "https://registry.npmjs.org/@sveltejs/acorn-typescript/-/acorn-typescript-1.0.5.tgz",
			"integrity": "sha512-IwQk4yfwLdibDlrXVE04jTZYlLnwsTT2PIOQQGNLWfjavGifnk1JD1LcZjZaBTRcxZu2FfPfNLOE04DSu9lqtQ==",
			"license": "MIT",
			"peerDependencies": {
				"acorn": "^8.9.0"
			}
		},
		"node_modules/@sveltejs/adapter-auto": {
			"version": "6.0.1",
			"resolved": "https://registry.npmjs.org/@sveltejs/adapter-auto/-/adapter-auto-6.0.1.tgz",
			"integrity": "sha512-mcWud3pYGPWM2Pphdj8G9Qiq24nZ8L4LB7coCUckUEy5Y7wOWGJ/enaZ4AtJTcSm5dNK1rIkBRoqt+ae4zlxcQ==",
			"dev": true,
			"license": "MIT",
			"peerDependencies": {
				"@sveltejs/kit": "^2.0.0"
			}
		},
		"node_modules/@sveltejs/adapter-static": {
			"version": "3.0.9",
			"resolved": "https://registry.npmjs.org/@sveltejs/adapter-static/-/adapter-static-3.0.9.tgz",
			"integrity": "sha512-aytHXcMi7lb9ljsWUzXYQ0p5X1z9oWud2olu/EpmH7aCu4m84h7QLvb5Wp+CFirKcwoNnYvYWhyP/L8Vh1ztdw==",
			"dev": true,
			"license": "MIT",
			"peerDependencies": {
				"@sveltejs/kit": "^2.0.0"
			}
		},
		"node_modules/@sveltejs/kit": {
			"version": "2.21.0",
			"resolved": "https://registry.npmjs.org/@sveltejs/kit/-/kit-2.21.0.tgz",
			"integrity": "sha512-kvu4h9qXduiPk1Q1oqFKDLFGu/7mslEYbVaqpbBcBxjlRJnvNCFwEvEwKt0Mx9TtSi8J77xRelvJobrGlst4nQ==",
			"dev": true,
			"license": "MIT",
			"dependencies": {
				"@sveltejs/acorn-typescript": "^1.0.5",
				"@types/cookie": "^0.6.0",
				"acorn": "^8.14.1",
				"cookie": "^0.6.0",
				"devalue": "^5.1.0",
				"esm-env": "^1.2.2",
				"kleur": "^4.1.5",
				"magic-string": "^0.30.5",
				"mrmime": "^2.0.0",
				"sade": "^1.8.1",
				"set-cookie-parser": "^2.6.0",
				"sirv": "^3.0.0"
			},
			"bin": {
				"svelte-kit": "svelte-kit.js"
			},
			"engines": {
				"node": ">=18.13"
			},
			"peerDependencies": {
				"@sveltejs/vite-plugin-svelte": "^3.0.0 || ^4.0.0-next.1 || ^5.0.0",
				"svelte": "^4.0.0 || ^5.0.0-next.0",
				"vite": "^5.0.3 || ^6.0.0"
			}
		},
		"node_modules/@sveltejs/vite-plugin-svelte": {
			"version": "5.0.3",
			"resolved": "https://registry.npmjs.org/@sveltejs/vite-plugin-svelte/-/vite-plugin-svelte-5.0.3.tgz",
			"integrity": "sha512-MCFS6CrQDu1yGwspm4qtli0e63vaPCehf6V7pIMP15AsWgMKrqDGCPFF/0kn4SP0ii4aySu4Pa62+fIRGFMjgw==",
			"dev": true,
			"license": "MIT",
			"dependencies": {
				"@sveltejs/vite-plugin-svelte-inspector": "^4.0.1",
				"debug": "^4.4.0",
				"deepmerge": "^4.3.1",
				"kleur": "^4.1.5",
				"magic-string": "^0.30.15",
				"vitefu": "^1.0.4"
			},
			"engines": {
				"node": "^18.0.0 || ^20.0.0 || >=22"
			},
			"peerDependencies": {
				"svelte": "^5.0.0",
				"vite": "^6.0.0"
			}
		},
		"node_modules/@sveltejs/vite-plugin-svelte-inspector": {
			"version": "4.0.1",
			"resolved": "https://registry.npmjs.org/@sveltejs/vite-plugin-svelte-inspector/-/vite-plugin-svelte-inspector-4.0.1.tgz",
			"integrity": "sha512-J/Nmb2Q2y7mck2hyCX4ckVHcR5tu2J+MtBEQqpDrrgELZ2uvraQcK/ioCV61AqkdXFgriksOKIceDcQmqnGhVw==",
			"dev": true,
			"license": "MIT",
			"dependencies": {
				"debug": "^4.3.7"
			},
			"engines": {
				"node": "^18.0.0 || ^20.0.0 || >=22"
			},
			"peerDependencies": {
				"@sveltejs/vite-plugin-svelte": "^5.0.0",
				"svelte": "^5.0.0",
				"vite": "^6.0.0"
			}
		},
		"node_modules/@threejs-kit/instanced-sprite-mesh": {
			"version": "2.5.1",
			"resolved": "https://registry.npmjs.org/@threejs-kit/instanced-sprite-mesh/-/instanced-sprite-mesh-2.5.1.tgz",
			"integrity": "sha512-pmt1ALRhbHhCJQTj2FuthH6PeLIeaM4hOuS2JO3kWSwlnvx/9xuUkjFR3JOi/myMqsH7pSsLIROSaBxDfttjeA==",
			"dependencies": {
				"diet-sprite": "^0.0.1",
				"earcut": "^2.2.4",
				"maath": "^0.10.7",
				"three-instanced-uniforms-mesh": "^0.52.4",
				"troika-three-utils": "^0.52.4"
			},
			"peerDependencies": {
				"three": ">=0.170.0"
			}
		},
		"node_modules/@threlte/core": {
			"version": "8.1.5",
			"resolved": "https://registry.npmjs.org/@threlte/core/-/core-8.1.5.tgz",
			"integrity": "sha512-snSkdx2AgfciYoTVhsEHGgQ4gf2h6UnJq0FHcKq8/FWp4QHzhiChqt8AMILZjiYmBgdzI13emnVzyEw77mxvpw==",
			"license": "MIT",
			"dependencies": {
				"mitt": "^3.0.1"
			},
			"peerDependencies": {
				"svelte": ">=5",
				"three": ">=0.160"
			}
		},
		"node_modules/@threlte/extras": {
			"version": "9.5.4",
			"resolved": "https://registry.npmjs.org/@threlte/extras/-/extras-9.5.4.tgz",
			"integrity": "sha512-stlybQYXCe9q5c9ho5miZrdQ8+vAO2RtyU4qNVHz4df1HO9rUjmJ6KoxOxvv0ebs132ApT84s+QygEZOXhp1Jg==",
			"license": "MIT",
			"dependencies": {
				"@threejs-kit/instanced-sprite-mesh": "^2.5.1",
				"camera-controls": "^2.10.1",
				"three-mesh-bvh": "^0.9.1",
				"three-perf": "^1.0.11",
				"three-viewport-gizmo": "^2.2.0",
				"troika-three-text": "^0.52.4"
			},
			"peerDependencies": {
				"svelte": ">=5",
				"three": ">=0.160"
			}
		},
		"node_modules/@tweenjs/tween.js": {
			"version": "23.1.3",
			"resolved": "https://registry.npmjs.org/@tweenjs/tween.js/-/tween.js-23.1.3.tgz",
			"integrity": "sha512-vJmvvwFxYuGnF2axRtPYocag6Clbb5YS7kLL+SO/TeVFzHqDIWrNKYtcsPMibjDx9O+bu+psAy9NKfWklassUA==",
			"license": "MIT",
			"peer": true
		},
		"node_modules/@types/cookie": {
			"version": "0.6.0",
			"resolved": "https://registry.npmjs.org/@types/cookie/-/cookie-0.6.0.tgz",
			"integrity": "sha512-4Kh9a6B2bQciAhf7FSuMRRkUWecJgJu9nPnx3yzpsfXX/c50REIqpHY4C82bXP90qrLtXtkDxTZosYO3UpOwlA==",
			"dev": true,
			"license": "MIT"
		},
		"node_modules/@types/estree": {
			"version": "1.0.7",
			"resolved": "https://registry.npmjs.org/@types/estree/-/estree-1.0.7.tgz",
			"integrity": "sha512-w28IoSUCJpidD/TGviZwwMJckNESJZXFu7NBZ5YJ4mEUnNraUn9Pm8HSZm/jDF1pDWYKspWE7oVphigUPRakIQ==",
			"license": "MIT"
		},
		"node_modules/@types/hast": {
			"version": "2.3.10",
			"resolved": "https://registry.npmjs.org/@types/hast/-/hast-2.3.10.tgz",
			"integrity": "sha512-McWspRw8xx8J9HurkVBfYj0xKoE25tOFlHGdx4MJ5xORQrMGZNqJhVQWaIbm6Oyla5kYOXtDiopzKRJzEOkwJw==",
			"license": "MIT",
			"dependencies": {
				"@types/unist": "^2"
			}
		},
		"node_modules/@types/stats.js": {
			"version": "0.17.4",
			"resolved": "https://registry.npmjs.org/@types/stats.js/-/stats.js-0.17.4.tgz",
			"integrity": "sha512-jIBvWWShCvlBqBNIZt0KAshWpvSjhkwkEu4ZUcASoAvhmrgAUI2t1dXrjSL4xXVLB4FznPrIsX3nKXFl/Dt4vA==",
			"license": "MIT",
			"peer": true
		},
		"node_modules/@types/three": {
			"version": "0.180.0",
			"resolved": "https://registry.npmjs.org/@types/three/-/three-0.180.0.tgz",
			"integrity": "sha512-ykFtgCqNnY0IPvDro7h+9ZeLY+qjgUWv+qEvUt84grhenO60Hqd4hScHE7VTB9nOQ/3QM8lkbNE+4vKjEpUxKg==",
			"license": "MIT",
			"peer": true,
			"dependencies": {
				"@dimforge/rapier3d-compat": "~0.12.0",
				"@tweenjs/tween.js": "~23.1.3",
				"@types/stats.js": "*",
				"@types/webxr": "*",
				"@webgpu/types": "*",
				"fflate": "~0.8.2",
				"meshoptimizer": "~0.22.0"
			}
		},
		"node_modules/@types/unist": {
			"version": "2.0.11",
			"resolved": "https://registry.npmjs.org/@types/unist/-/unist-2.0.11.tgz",
			"integrity": "sha512-CmBKiL6NNo/OqgmMn95Fk9Whlp2mtvIv+KNpQKN2F4SjvrEesubTRWGYSg+BnWZOnlCaSTU1sMpsBOzgbYhnsA==",
			"license": "MIT"
		},
		"node_modules/@types/webxr": {
			"version": "0.5.23",
			"resolved": "https://registry.npmjs.org/@types/webxr/-/webxr-0.5.23.tgz",
			"integrity": "sha512-GPe4AsfOSpqWd3xA/0gwoKod13ChcfV67trvxaW2krUbgb9gxQjnCx8zGshzMl8LSHZlNH5gQ8LNScsDuc7nGQ==",
			"license": "MIT",
			"peer": true
		},
		"node_modules/@webgpu/types": {
			"version": "0.1.64",
			"resolved": "https://registry.npmjs.org/@webgpu/types/-/types-0.1.64.tgz",
			"integrity": "sha512-84kRIAGV46LJTlJZWxShiOrNL30A+9KokD7RB3dRCIqODFjodS5tCD5yyiZ8kIReGVZSDfA3XkkwyyOIF6K62A==",
			"license": "BSD-3-Clause",
			"peer": true
		},
		"node_modules/acorn": {
			"version": "8.14.1",
			"resolved": "https://registry.npmjs.org/acorn/-/acorn-8.14.1.tgz",
			"integrity": "sha512-OvQ/2pUDKmgfCg++xsTX1wGxfTaszcHVcTctW4UJB4hibJx2HXxxO5UmVgyjMa+ZDsiaf5wWLXYpRWMmBI0QHg==",
			"license": "MIT",
			"bin": {
				"acorn": "bin/acorn"
			},
			"engines": {
				"node": ">=0.4.0"
			}
		},
		"node_modules/aria-query": {
			"version": "5.3.2",
			"resolved": "https://registry.npmjs.org/aria-query/-/aria-query-5.3.2.tgz",
			"integrity": "sha512-COROpnaoap1E2F000S62r6A60uHZnmlvomhfyT2DlTcrY1OrBKn2UhH7qn5wTC9zMvD0AY7csdPSNwKP+7WiQw==",
			"license": "Apache-2.0",
			"engines": {
				"node": ">= 0.4"
			}
		},
		"node_modules/axobject-query": {
			"version": "4.1.0",
			"resolved": "https://registry.npmjs.org/axobject-query/-/axobject-query-4.1.0.tgz",
			"integrity": "sha512-qIj0G9wZbMGNLjLmg1PT6v2mE9AH2zlnADJD/2tC6E00hgmhUOfEB6greHPAfLRSufHqROIUTkw6E+M3lH0PTQ==",
			"license": "Apache-2.0",
			"engines": {
				"node": ">= 0.4"
			}
		},
		"node_modules/bidi-js": {
			"version": "1.0.3",
			"resolved": "https://registry.npmjs.org/bidi-js/-/bidi-js-1.0.3.tgz",
			"integrity": "sha512-RKshQI1R3YQ+n9YJz2QQ147P66ELpa1FQEg20Dk8oW9t2KgLbpDLLp9aGZ7y8WHSshDknG0bknqGw5/tyCs5tw==",
			"license": "MIT",
			"dependencies": {
				"require-from-string": "^2.0.2"
			}
		},
		"node_modules/camera-controls": {
			"version": "2.10.1",
			"resolved": "https://registry.npmjs.org/camera-controls/-/camera-controls-2.10.1.tgz",
			"integrity": "sha512-KnaKdcvkBJ1Irbrzl8XD6WtZltkRjp869Jx8c0ujs9K+9WD+1D7ryBsCiVqJYUqt6i/HR5FxT7RLASieUD+Q5w==",
			"license": "MIT",
			"peerDependencies": {
				"three": ">=0.126.1"
			}
		},
		"node_modules/chokidar": {
			"version": "4.0.3",
			"resolved": "https://registry.npmjs.org/chokidar/-/chokidar-4.0.3.tgz",
			"integrity": "sha512-Qgzu8kfBvo+cA4962jnP1KkS6Dop5NS6g7R5LFYJr4b8Ub94PPQXUksCw9PvXoeXPRRddRNC5C1JQUR2SMGtnA==",
			"dev": true,
			"license": "MIT",
			"dependencies": {
				"readdirp": "^4.0.1"
			},
			"engines": {
				"node": ">= 14.16.0"
			},
			"funding": {
				"url": "https://paulmillr.com/funding/"
			}
		},
		"node_modules/clsx": {
			"version": "2.1.1",
			"resolved": "https://registry.npmjs.org/clsx/-/clsx-2.1.1.tgz",
			"integrity": "sha512-eYm0QWBtUrBWZWG0d386OGAw16Z995PiOVo2B7bjWSbHedGl5e0ZWaq65kOGgUSNesEIDkB9ISbTg/JK9dhCZA==",
			"license": "MIT",
			"engines": {
				"node": ">=6"
			}
		},
		"node_modules/cookie": {
			"version": "0.6.0",
			"resolved": "https://registry.npmjs.org/cookie/-/cookie-0.6.0.tgz",
			"integrity": "sha512-U71cyTamuh1CRNCfpGY6to28lxvNwPG4Guz/EVjgf3Jmzv0vlDp1atT9eS5dDjMYHucpHbWns6Lwf3BKz6svdw==",
			"dev": true,
			"license": "MIT",
			"engines": {
				"node": ">= 0.6"
			}
		},
		"node_modules/debug": {
			"version": "4.4.1",
			"resolved": "https://registry.npmjs.org/debug/-/debug-4.4.1.tgz",
			"integrity": "sha512-KcKCqiftBJcZr++7ykoDIEwSa3XWowTfNPo92BYxjXiyYEVrUQh2aLyhxBCwww+heortUFxEJYcRzosstTEBYQ==",
			"dev": true,
			"license": "MIT",
			"dependencies": {
				"ms": "^2.1.3"
			},
			"engines": {
				"node": ">=6.0"
			},
			"peerDependenciesMeta": {
				"supports-color": {
					"optional": true
				}
			}
		},
		"node_modules/deepmerge": {
			"version": "4.3.1",
			"resolved": "https://registry.npmjs.org/deepmerge/-/deepmerge-4.3.1.tgz",
			"integrity": "sha512-3sUqbMEc77XqpdNO7FRyRog+eW3ph+GYCbj+rK+uYyRMuwsVy0rMiVtPn+QJlKFvWP/1PYpapqYn0Me2knFn+A==",
			"dev": true,
			"license": "MIT",
			"engines": {
				"node": ">=0.10.0"
			}
		},
		"node_modules/devalue": {
			"version": "5.1.1",
			"resolved": "https://registry.npmjs.org/devalue/-/devalue-5.1.1.tgz",
			"integrity": "sha512-maua5KUiapvEwiEAe+XnlZ3Rh0GD+qI1J/nb9vrJc3muPXvcF/8gXYTWF76+5DAqHyDUtOIImEuo0YKE9mshVw==",
			"dev": true,
			"license": "MIT"
		},
		"node_modules/diet-sprite": {
			"version": "0.0.1",
			"resolved": "https://registry.npmjs.org/diet-sprite/-/diet-sprite-0.0.1.tgz",
			"integrity": "sha512-zSHI2WDAn1wJqJYxcmjWfJv3Iw8oL9reQIbEyx2x2/EZ4/qmUTIo8/5qOCurnAcq61EwtJJaZ0XTy2NRYqpB5A==",
			"license": "ISC"
		},
		"node_modules/earcut": {
			"version": "2.2.4",
			"resolved": "https://registry.npmjs.org/earcut/-/earcut-2.2.4.tgz",
			"integrity": "sha512-/pjZsA1b4RPHbeWZQn66SWS8nZZWLQQ23oE3Eam7aroEFGEvwKAsJfZ9ytiEMycfzXWpca4FA9QIOehf7PocBQ==",
			"license": "ISC"
		},
		"node_modules/esbuild": {
			"version": "0.25.4",
			"resolved": "https://registry.npmjs.org/esbuild/-/esbuild-0.25.4.tgz",
			"integrity": "sha512-8pgjLUcUjcgDg+2Q4NYXnPbo/vncAY4UmyaCm0jZevERqCHZIaWwdJHkf8XQtu4AxSKCdvrUbT0XUr1IdZzI8Q==",
			"dev": true,
			"hasInstallScript": true,
			"license": "MIT",
			"bin": {
				"esbuild": "bin/esbuild"
			},
			"engines": {
				"node": ">=18"
			},
			"optionalDependencies": {
				"@esbuild/aix-ppc64": "0.25.4",
				"@esbuild/android-arm": "0.25.4",
				"@esbuild/android-arm64": "0.25.4",
				"@esbuild/android-x64": "0.25.4",
				"@esbuild/darwin-arm64": "0.25.4",
				"@esbuild/darwin-x64": "0.25.4",
				"@esbuild/freebsd-arm64": "0.25.4",
				"@esbuild/freebsd-x64": "0.25.4",
				"@esbuild/linux-arm": "0.25.4",
				"@esbuild/linux-arm64": "0.25.4",
				"@esbuild/linux-ia32": "0.25.4",
				"@esbuild/linux-loong64": "0.25.4",
				"@esbuild/linux-mips64el": "0.25.4",
				"@esbuild/linux-ppc64": "0.25.4",
				"@esbuild/linux-riscv64": "0.25.4",
				"@esbuild/linux-s390x": "0.25.4",
				"@esbuild/linux-x64": "0.25.4",
				"@esbuild/netbsd-arm64": "0.25.4",
				"@esbuild/netbsd-x64": "0.25.4",
				"@esbuild/openbsd-arm64": "0.25.4",
				"@esbuild/openbsd-x64": "0.25.4",
				"@esbuild/sunos-x64": "0.25.4",
				"@esbuild/win32-arm64": "0.25.4",
				"@esbuild/win32-ia32": "0.25.4",
				"@esbuild/win32-x64": "0.25.4"
			}
		},
		"node_modules/esm-env": {
			"version": "1.2.2",
			"resolved": "https://registry.npmjs.org/esm-env/-/esm-env-1.2.2.tgz",
			"integrity": "sha512-Epxrv+Nr/CaL4ZcFGPJIYLWFom+YeV1DqMLHJoEd9SYRxNbaFruBwfEX/kkHUJf55j2+TUbmDcmuilbP1TmXHA==",
			"license": "MIT"
		},
		"node_modules/esrap": {
			"version": "1.4.6",
			"resolved": "https://registry.npmjs.org/esrap/-/esrap-1.4.6.tgz",
			"integrity": "sha512-F/D2mADJ9SHY3IwksD4DAXjTt7qt7GWUf3/8RhCNWmC/67tyb55dpimHmy7EplakFaflV0R/PC+fdSPqrRHAQw==",
			"license": "MIT",
			"dependencies": {
				"@jridgewell/sourcemap-codec": "^1.4.15"
			}
		},
		"node_modules/fdir": {
			"version": "6.4.4",
			"resolved": "https://registry.npmjs.org/fdir/-/fdir-6.4.4.tgz",
			"integrity": "sha512-1NZP+GK4GfuAv3PqKvxQRDMjdSRZjnkq7KfhlNrCNNlZ0ygQFpebfrnfnq/W7fpUnAv9aGWmY1zKx7FYL3gwhg==",
			"dev": true,
			"license": "MIT",
			"peerDependencies": {
				"picomatch": "^3 || ^4"
			},
			"peerDependenciesMeta": {
				"picomatch": {
					"optional": true
				}
			}
		},
		"node_modules/fflate": {
			"version": "0.8.2",
			"resolved": "https://registry.npmjs.org/fflate/-/fflate-0.8.2.tgz",
			"integrity": "sha512-cPJU47OaAoCbg0pBvzsgpTPhmhqI5eJjh/JIu8tPj5q+T7iLvW/JAYUqmE7KOB4R1ZyEhzBaIQpQpardBF5z8A==",
			"license": "MIT",
			"peer": true
		},
		"node_modules/hast-util-heading-rank": {
			"version": "2.1.1",
			"resolved": "https://registry.npmjs.org/hast-util-heading-rank/-/hast-util-heading-rank-2.1.1.tgz",
			"integrity": "sha512-iAuRp+ESgJoRFJbSyaqsfvJDY6zzmFoEnL1gtz1+U8gKtGGj1p0CVlysuUAUjq95qlZESHINLThwJzNGmgGZxA==",
			"license": "MIT",
			"dependencies": {
				"@types/hast": "^2.0.0"
			},
			"funding": {
				"type": "opencollective",
				"url": "https://opencollective.com/unified"
			}
		},
		"node_modules/is-reference": {
			"version": "3.0.3",
			"resolved": "https://registry.npmjs.org/is-reference/-/is-reference-3.0.3.tgz",
			"integrity": "sha512-ixkJoqQvAP88E6wLydLGGqCJsrFUnqoH6HnaczB8XmDH1oaWU+xxdptvikTgaEhtZ53Ky6YXiBuUI2WXLMCwjw==",
			"license": "MIT",
			"dependencies": {
				"@types/estree": "^1.0.6"
			}
		},
		"node_modules/kleur": {
			"version": "4.1.5",
			"resolved": "https://registry.npmjs.org/kleur/-/kleur-4.1.5.tgz",
			"integrity": "sha512-o+NO+8WrRiQEE4/7nwRJhN1HWpVmJm511pBHUxPLtp0BUISzlBplORYSmTclCnJvQq2tKu/sgl3xVpkc7ZWuQQ==",
			"dev": true,
			"license": "MIT",
			"engines": {
				"node": ">=6"
			}
		},
		"node_modules/locate-character": {
			"version": "3.0.0",
			"resolved": "https://registry.npmjs.org/locate-character/-/locate-character-3.0.0.tgz",
			"integrity": "sha512-SW13ws7BjaeJ6p7Q6CO2nchbYEc3X3J6WrmTTDto7yMPqVSZTUyY5Tjbid+Ab8gLnATtygYtiDIJGQRRn2ZOiA==",
			"license": "MIT"
		},
		"node_modules/maath": {
			"version": "0.10.8",
			"resolved": "https://registry.npmjs.org/maath/-/maath-0.10.8.tgz",
			"integrity": "sha512-tRvbDF0Pgqz+9XUa4jjfgAQ8/aPKmQdWXilFu2tMy4GWj4NOsx99HlULO4IeREfbO3a0sA145DZYyvXPkybm0g==",
			"license": "MIT",
			"peerDependencies": {
				"@types/three": ">=0.134.0",
				"three": ">=0.134.0"
			}
		},
		"node_modules/magic-string": {
			"version": "0.30.17",
			"resolved": "https://registry.npmjs.org/magic-string/-/magic-string-0.30.17.tgz",
			"integrity": "sha512-sNPKHvyjVf7gyjwS4xGTaW/mCnF8wnjtifKBEhxfZ7E/S8tQ0rssrwGNn6q8JH/ohItJfSQp9mBtQYuTlH5QnA==",
			"license": "MIT",
			"dependencies": {
				"@jridgewell/sourcemap-codec": "^1.5.0"
			}
		},
		"node_modules/meshoptimizer": {
			"version": "0.22.0",
			"resolved": "https://registry.npmjs.org/meshoptimizer/-/meshoptimizer-0.22.0.tgz",
			"integrity": "sha512-IebiK79sqIy+E4EgOr+CAw+Ke8hAspXKzBd0JdgEmPHiAwmvEj2S4h1rfvo+o/BnfEYd/jAOg5IeeIjzlzSnDg==",
			"license": "MIT",
			"peer": true
		},
		"node_modules/mitt": {
			"version": "3.0.1",
			"resolved": "https://registry.npmjs.org/mitt/-/mitt-3.0.1.tgz",
			"integrity": "sha512-vKivATfr97l2/QBCYAkXYDbrIWPM2IIKEl7YPhjCvKlG3kE2gm+uBo6nEXK3M5/Ffh/FLpKExzOQ3JJoJGFKBw==",
			"license": "MIT"
		},
		"node_modules/mri": {
			"version": "1.2.0",
			"resolved": "https://registry.npmjs.org/mri/-/mri-1.2.0.tgz",
			"integrity": "sha512-tzzskb3bG8LvYGFF/mDTpq3jpI6Q9wc3LEmBaghu+DdCssd1FakN7Bc0hVNmEyGq1bq3RgfkCb3cmQLpNPOroA==",
			"dev": true,
			"license": "MIT",
			"engines": {
				"node": ">=4"
			}
		},
		"node_modules/mrmime": {
			"version": "2.0.1",
			"resolved": "https://registry.npmjs.org/mrmime/-/mrmime-2.0.1.tgz",
			"integrity": "sha512-Y3wQdFg2Va6etvQ5I82yUhGdsKrcYox6p7FfL1LbK2J4V01F9TGlepTIhnK24t7koZibmg82KGglhA1XK5IsLQ==",
			"dev": true,
			"license": "MIT",
			"engines": {
				"node": ">=10"
			}
		},
		"node_modules/ms": {
			"version": "2.1.3",
			"resolved": "https://registry.npmjs.org/ms/-/ms-2.1.3.tgz",
			"integrity": "sha512-6FlzubTLZG3J2a/NVCAleEhjzq5oxgHyaCU9yYXvcLsvoVaHJq/s5xXI6/XXP6tz7R9xAOtHnSO/tXtF3WRTlA==",
			"dev": true,
			"license": "MIT"
		},
		"node_modules/nanoid": {
			"version": "3.3.11",
			"resolved": "https://registry.npmjs.org/nanoid/-/nanoid-3.3.11.tgz",
			"integrity": "sha512-N8SpfPUnUp1bK+PMYW8qSWdl9U+wwNWI4QKxOYDy9JAro3WMX7p2OeVRF9v+347pnakNevPmiHhNmZ2HbFA76w==",
			"dev": true,
			"funding": [
				{
					"type": "github",
					"url": "https://github.com/sponsors/ai"
				}
			],
			"license": "MIT",
			"bin": {
				"nanoid": "bin/nanoid.cjs"
			},
			"engines": {
				"node": "^10 || ^12 || ^13.7 || ^14 || >=15.0.1"
			}
		},
		"node_modules/picocolors": {
			"version": "1.1.1",
			"resolved": "https://registry.npmjs.org/picocolors/-/picocolors-1.1.1.tgz",
			"integrity": "sha512-xceH2snhtb5M9liqDsmEw56le376mTZkEX/jEb/RxNFyegNul7eNslCXP9FDj/Lcu0X8KEyMceP2ntpaHrDEVA==",
			"dev": true,
			"license": "ISC"
		},
		"node_modules/picomatch": {
			"version": "4.0.2",
			"resolved": "https://registry.npmjs.org/picomatch/-/picomatch-4.0.2.tgz",
			"integrity": "sha512-M7BAV6Rlcy5u+m6oPhAPFgJTzAioX/6B0DxyvDlo9l8+T3nLKbrczg2WLUyzd45L8RqfUMyGPzekbMvX2Ldkwg==",
			"dev": true,
			"license": "MIT",
			"engines": {
				"node": ">=12"
			},
			"funding": {
				"url": "https://github.com/sponsors/jonschlinkert"
			}
		},
		"node_modules/postcss": {
			"version": "8.5.3",
			"resolved": "https://registry.npmjs.org/postcss/-/postcss-8.5.3.tgz",
			"integrity": "sha512-dle9A3yYxlBSrt8Fu+IpjGT8SY8hN0mlaA6GY8t0P5PjIOZemULz/E2Bnm/2dcUOena75OTNkHI76uZBNUUq3A==",
			"dev": true,
			"funding": [
				{
					"type": "opencollective",
					"url": "https://opencollective.com/postcss/"
				},
				{
					"type": "tidelift",
					"url": "https://tidelift.com/funding/github/npm/postcss"
				},
				{
					"type": "github",
					"url": "https://github.com/sponsors/ai"
				}
			],
			"license": "MIT",
			"dependencies": {
				"nanoid": "^3.3.8",
				"picocolors": "^1.1.1",
				"source-map-js": "^1.2.1"
			},
			"engines": {
				"node": "^10 || ^12 || >=14"
			}
		},
		"node_modules/prettier": {
			"version": "3.5.3",
			"resolved": "https://registry.npmjs.org/prettier/-/prettier-3.5.3.tgz",
			"integrity": "sha512-QQtaxnoDJeAkDvDKWCLiwIXkTgRhwYDEQCghU9Z6q03iyek/rxRh/2lC3HB7P8sWT2xC/y5JDctPLBIGzHKbhw==",
			"dev": true,
			"license": "MIT",
			"bin": {
				"prettier": "bin/prettier.cjs"
			},
			"engines": {
				"node": ">=14"
			},
			"funding": {
				"url": "https://github.com/prettier/prettier?sponsor=1"
			}
		},
		"node_modules/prettier-plugin-svelte": {
			"version": "3.4.0",
			"resolved": "https://registry.npmjs.org/prettier-plugin-svelte/-/prettier-plugin-svelte-3.4.0.tgz",
			"integrity": "sha512-pn1ra/0mPObzqoIQn/vUTR3ZZI6UuZ0sHqMK5x2jMLGrs53h0sXhkVuDcrlssHwIMk7FYrMjHBPoUSyyEEDlBQ==",
			"dev": true,
			"license": "MIT",
			"peerDependencies": {
				"prettier": "^3.0.0",
				"svelte": "^3.2.0 || ^4.0.0-next.0 || ^5.0.0-next.0"
			}
		},
		"node_modules/readdirp": {
			"version": "4.1.2",
			"resolved": "https://registry.npmjs.org/readdirp/-/readdirp-4.1.2.tgz",
			"integrity": "sha512-GDhwkLfywWL2s6vEjyhri+eXmfH6j1L7JE27WhqLeYzoh/A3DBaYGEj2H/HFZCn/kMfim73FXxEJTw06WtxQwg==",
			"dev": true,
			"license": "MIT",
			"engines": {
				"node": ">= 14.18.0"
			},
			"funding": {
				"type": "individual",
				"url": "https://paulmillr.com/funding/"
			}
		},
		"node_modules/require-from-string": {
			"version": "2.0.2",
			"resolved": "https://registry.npmjs.org/require-from-string/-/require-from-string-2.0.2.tgz",
			"integrity": "sha512-Xf0nWe6RseziFMu+Ap9biiUbmplq6S9/p+7w7YXP/JBHhrUDDUhwa+vANyubuqfZWTveU//DYVGsDG7RKL/vEw==",
			"license": "MIT",
			"engines": {
				"node": ">=0.10.0"
			}
		},
		"node_modules/rollup": {
			"version": "4.40.2",
			"resolved": "https://registry.npmjs.org/rollup/-/rollup-4.40.2.tgz",
			"integrity": "sha512-tfUOg6DTP4rhQ3VjOO6B4wyrJnGOX85requAXvqYTHsOgb2TFJdZ3aWpT8W2kPoypSGP7dZUyzxJ9ee4buM5Fg==",
			"dev": true,
			"license": "MIT",
			"dependencies": {
				"@types/estree": "1.0.7"
			},
			"bin": {
				"rollup": "dist/bin/rollup"
			},
			"engines": {
				"node": ">=18.0.0",
				"npm": ">=8.0.0"
			},
			"optionalDependencies": {
				"@rollup/rollup-android-arm-eabi": "4.40.2",
				"@rollup/rollup-android-arm64": "4.40.2",
				"@rollup/rollup-darwin-arm64": "4.40.2",
				"@rollup/rollup-darwin-x64": "4.40.2",
				"@rollup/rollup-freebsd-arm64": "4.40.2",
				"@rollup/rollup-freebsd-x64": "4.40.2",
				"@rollup/rollup-linux-arm-gnueabihf": "4.40.2",
				"@rollup/rollup-linux-arm-musleabihf": "4.40.2",
				"@rollup/rollup-linux-arm64-gnu": "4.40.2",
				"@rollup/rollup-linux-arm64-musl": "4.40.2",
				"@rollup/rollup-linux-loongarch64-gnu": "4.40.2",
				"@rollup/rollup-linux-powerpc64le-gnu": "4.40.2",
				"@rollup/rollup-linux-riscv64-gnu": "4.40.2",
				"@rollup/rollup-linux-riscv64-musl": "4.40.2",
				"@rollup/rollup-linux-s390x-gnu": "4.40.2",
				"@rollup/rollup-linux-x64-gnu": "4.40.2",
				"@rollup/rollup-linux-x64-musl": "4.40.2",
				"@rollup/rollup-win32-arm64-msvc": "4.40.2",
				"@rollup/rollup-win32-ia32-msvc": "4.40.2",
				"@rollup/rollup-win32-x64-msvc": "4.40.2",
				"fsevents": "~2.3.2"
			}
		},
		"node_modules/sade": {
			"version": "1.8.1",
			"resolved": "https://registry.npmjs.org/sade/-/sade-1.8.1.tgz",
			"integrity": "sha512-xal3CZX1Xlo/k4ApwCFrHVACi9fBqJ7V+mwhBsuf/1IOKbBy098Fex+Wa/5QMubw09pSZ/u8EY8PWgevJsXp1A==",
			"dev": true,
			"license": "MIT",
			"dependencies": {
				"mri": "^1.1.0"
			},
			"engines": {
				"node": ">=6"
			}
		},
		"node_modules/set-cookie-parser": {
			"version": "2.7.1",
			"resolved": "https://registry.npmjs.org/set-cookie-parser/-/set-cookie-parser-2.7.1.tgz",
			"integrity": "sha512-IOc8uWeOZgnb3ptbCURJWNjWUPcO3ZnTTdzsurqERrP6nPyv+paC55vJM0LpOlT2ne+Ix+9+CRG1MNLlyZ4GjQ==",
			"dev": true,
			"license": "MIT"
		},
		"node_modules/sirv": {
			"version": "3.0.1",
			"resolved": "https://registry.npmjs.org/sirv/-/sirv-3.0.1.tgz",
			"integrity": "sha512-FoqMu0NCGBLCcAkS1qA+XJIQTR6/JHfQXl+uGteNCQ76T91DMUjPa9xfmeqMY3z80nLSg9yQmNjK0Px6RWsH/A==",
			"dev": true,
			"license": "MIT",
			"dependencies": {
				"@polka/url": "^1.0.0-next.24",
				"mrmime": "^2.0.0",
				"totalist": "^3.0.0"
			},
			"engines": {
				"node": ">=18"
			}
		},
		"node_modules/source-map-js": {
			"version": "1.2.1",
			"resolved": "https://registry.npmjs.org/source-map-js/-/source-map-js-1.2.1.tgz",
			"integrity": "sha512-UXWMKhLOwVKb728IUtQPXxfYU+usdybtUrK/8uGE8CQMvrhOpwvzDBwj0QhSL7MQc7vIsISBG8VQ8+IDQxpfQA==",
			"dev": true,
			"license": "BSD-3-Clause",
			"engines": {
				"node": ">=0.10.0"
			}
		},
		"node_modules/svelte": {
			"version": "5.30.1",
			"resolved": "https://registry.npmjs.org/svelte/-/svelte-5.30.1.tgz",
			"integrity": "sha512-QIYtKnJGkubWXtNkrUBKVCvyo9gjcccdbnvXfwsGNhvbeNNdQjRDTa/BiQcJ2kWXbXPQbWKyT7CUu53KIj1rfw==",
			"license": "MIT",
			"dependencies": {
				"@ampproject/remapping": "^2.3.0",
				"@jridgewell/sourcemap-codec": "^1.5.0",
				"@sveltejs/acorn-typescript": "^1.0.5",
				"@types/estree": "^1.0.5",
				"acorn": "^8.12.1",
				"aria-query": "^5.3.1",
				"axobject-query": "^4.1.0",
				"clsx": "^2.1.1",
				"esm-env": "^1.2.1",
				"esrap": "^1.4.6",
				"is-reference": "^3.0.3",
				"locate-character": "^3.0.0",
				"magic-string": "^0.30.11",
				"zimmerframe": "^1.1.2"
			},
			"engines": {
				"node": ">=18"
			}
		},
		"node_modules/svelte-check": {
			"version": "4.2.1",
			"resolved": "https://registry.npmjs.org/svelte-check/-/svelte-check-4.2.1.tgz",
			"integrity": "sha512-e49SU1RStvQhoipkQ/aonDhHnG3qxHSBtNfBRb9pxVXoa+N7qybAo32KgA9wEb2PCYFNaDg7bZCdhLD1vHpdYA==",
			"dev": true,
			"license": "MIT",
			"dependencies": {
				"@jridgewell/trace-mapping": "^0.3.25",
				"chokidar": "^4.0.1",
				"fdir": "^6.2.0",
				"picocolors": "^1.0.0",
				"sade": "^1.7.4"
			},
			"bin": {
				"svelte-check": "bin/svelte-check"
			},
			"engines": {
				"node": ">= 18.0.0"
			},
			"peerDependencies": {
				"svelte": "^4.0.0 || ^5.0.0-next.0",
				"typescript": ">=5.0.0"
			}
		},
		"node_modules/svelte-cubed": {
			"version": "0.2.1",
			"resolved": "https://registry.npmjs.org/svelte-cubed/-/svelte-cubed-0.2.1.tgz",
			"integrity": "sha512-6k0m4Bg2abA0WBigqBSR5QW+aBFX/UV26W0IlrNzDVBm6rlJHt7OYeeHW9AuBZzyWq4A/gSBCoa1GNYiANFrbQ==",
			"dependencies": {
				"hast-util-heading-rank": "^2.1.0",
				"unist-util-visit": "^4.1.0",
				"yootils": "^0.3.1"
			}
		},
		"node_modules/three": {
			"version": "0.180.0",
			"resolved": "https://registry.npmjs.org/three/-/three-0.180.0.tgz",
			"integrity": "sha512-o+qycAMZrh+TsE01GqWUxUIKR1AL0S8pq7zDkYOQw8GqfX8b8VoCKYUoHbhiX5j+7hr8XsuHDVU6+gkQJQKg9w==",
			"license": "MIT"
		},
		"node_modules/three-instanced-uniforms-mesh": {
			"version": "0.52.4",
			"resolved": "https://registry.npmjs.org/three-instanced-uniforms-mesh/-/three-instanced-uniforms-mesh-0.52.4.tgz",
			"integrity": "sha512-YwDBy05hfKZQtU+Rp0KyDf9yH4GxfhxMbVt9OYruxdgLfPwmDG5oAbGoW0DrKtKZSM3BfFcCiejiOHCjFBTeng==",
			"license": "MIT",
			"dependencies": {
				"troika-three-utils": "^0.52.4"
			},
			"peerDependencies": {
				"three": ">=0.125.0"
			}
		},
		"node_modules/three-mesh-bvh": {
			"version": "0.9.1",
			"resolved": "https://registry.npmjs.org/three-mesh-bvh/-/three-mesh-bvh-0.9.1.tgz",
			"integrity": "sha512-WNT+m9jGQgtp4YdtwEnl4oFylNVifRf7iphlwWdJ4bJu7oNkY0xHIyntep9OzHuR1hpe/pyAP840gB/EsYDJfg==",
			"license": "MIT",
			"peerDependencies": {
				"three": ">= 0.159.0"
			}
		},
		"node_modules/three-perf": {
			"version": "1.0.11",
			"resolved": "https://registry.npmjs.org/three-perf/-/three-perf-1.0.11.tgz",
			"integrity": "sha512-OgBpZjwL+csQKGKZjpkH/QHdbGFMxqngMbSEJeSnVNfXDYd6On7WHNv/GhUZH4YxIpNMwMahBWrNnsJvnbSJHQ==",
			"license": "MIT",
			"dependencies": {
				"troika-three-text": "^0.52.0",
				"tweakpane": "^3.1.10"
			},
			"peerDependencies": {
				"three": ">=0.170"
			}
		},
		"node_modules/three-viewport-gizmo": {
			"version": "2.2.0",
			"resolved": "https://registry.npmjs.org/three-viewport-gizmo/-/three-viewport-gizmo-2.2.0.tgz",
			"integrity": "sha512-Jo9Liur1rUmdKk75FZumLU/+hbF+RtJHi1qsKZpntjKlCYScK6tjbYoqvJ9M+IJphrlQJF5oReFW7Sambh0N4Q==",
			"license": "MIT",
			"peerDependencies": {
				"three": ">=0.162.0 <1.0.0"
			}
		},
		"node_modules/tinyglobby": {
			"version": "0.2.13",
			"resolved": "https://registry.npmjs.org/tinyglobby/-/tinyglobby-0.2.13.tgz",
			"integrity": "sha512-mEwzpUgrLySlveBwEVDMKk5B57bhLPYovRfPAXD5gA/98Opn0rCDj3GtLwFvCvH5RK9uPCExUROW5NjDwvqkxw==",
			"dev": true,
			"license": "MIT",
			"dependencies": {
				"fdir": "^6.4.4",
				"picomatch": "^4.0.2"
			},
			"engines": {
				"node": ">=12.0.0"
			},
			"funding": {
				"url": "https://github.com/sponsors/SuperchupuDev"
			}
		},
		"node_modules/totalist": {
			"version": "3.0.1",
			"resolved": "https://registry.npmjs.org/totalist/-/totalist-3.0.1.tgz",
			"integrity": "sha512-sf4i37nQ2LBx4m3wB74y+ubopq6W/dIzXg0FDGjsYnZHVa1Da8FH853wlL2gtUhg+xJXjfk3kUZS3BRoQeoQBQ==",
			"dev": true,
			"license": "MIT",
			"engines": {
				"node": ">=6"
			}
		},
		"node_modules/troika-three-text": {
			"version": "0.52.4",
			"resolved": "https://registry.npmjs.org/troika-three-text/-/troika-three-text-0.52.4.tgz",
			"integrity": "sha512-V50EwcYGruV5rUZ9F4aNsrytGdKcXKALjEtQXIOBfhVoZU9VAqZNIoGQ3TMiooVqFAbR1w15T+f+8gkzoFzawg==",
			"license": "MIT",
			"dependencies": {
				"bidi-js": "^1.0.2",
				"troika-three-utils": "^0.52.4",
				"troika-worker-utils": "^0.52.0",
				"webgl-sdf-generator": "1.1.1"
			},
			"peerDependencies": {
				"three": ">=0.125.0"
			}
		},
		"node_modules/troika-three-utils": {
			"version": "0.52.4",
			"resolved": "https://registry.npmjs.org/troika-three-utils/-/troika-three-utils-0.52.4.tgz",
			"integrity": "sha512-NORAStSVa/BDiG52Mfudk4j1FG4jC4ILutB3foPnfGbOeIs9+G5vZLa0pnmnaftZUGm4UwSoqEpWdqvC7zms3A==",
			"license": "MIT",
			"peerDependencies": {
				"three": ">=0.125.0"
			}
		},
		"node_modules/troika-worker-utils": {
			"version": "0.52.0",
			"resolved": "https://registry.npmjs.org/troika-worker-utils/-/troika-worker-utils-0.52.0.tgz",
			"integrity": "sha512-W1CpvTHykaPH5brv5VHLfQo9D1OYuo0cSBEUQFFT/nBUzM8iD6Lq2/tgG/f1OelbAS1WtaTPQzE5uM49egnngw==",
			"license": "MIT"
		},
		"node_modules/tweakpane": {
			"version": "3.1.10",
			"resolved": "https://registry.npmjs.org/tweakpane/-/tweakpane-3.1.10.tgz",
			"integrity": "sha512-rqwnl/pUa7+inhI2E9ayGTqqP0EPOOn/wVvSWjZsRbZUItzNShny7pzwL3hVlaN4m9t/aZhsP0aFQ9U5VVR2VQ==",
			"license": "MIT",
			"funding": {
				"url": "https://github.com/sponsors/cocopon"
			}
		},
		"node_modules/typescript": {
			"version": "5.8.3",
			"resolved": "https://registry.npmjs.org/typescript/-/typescript-5.8.3.tgz",
			"integrity": "sha512-p1diW6TqL9L07nNxvRMM7hMMw4c5XOo/1ibL4aAIGmSAt9slTE1Xgw5KWuof2uTOvCg9BY7ZRi+GaF+7sfgPeQ==",
			"dev": true,
			"license": "Apache-2.0",
			"bin": {
				"tsc": "bin/tsc",
				"tsserver": "bin/tsserver"
			},
			"engines": {
				"node": ">=14.17"
			}
		},
		"node_modules/unist-util-is": {
			"version": "5.2.1",
			"resolved": "https://registry.npmjs.org/unist-util-is/-/unist-util-is-5.2.1.tgz",
			"integrity": "sha512-u9njyyfEh43npf1M+yGKDGVPbY/JWEemg5nH05ncKPfi+kBbKBJoTdsogMu33uhytuLlv9y0O7GH7fEdwLdLQw==",
			"license": "MIT",
			"dependencies": {
				"@types/unist": "^2.0.0"
			},
			"funding": {
				"type": "opencollective",
				"url": "https://opencollective.com/unified"
			}
		},
		"node_modules/unist-util-visit": {
			"version": "4.1.2",
			"resolved": "https://registry.npmjs.org/unist-util-visit/-/unist-util-visit-4.1.2.tgz",
			"integrity": "sha512-MSd8OUGISqHdVvfY9TPhyK2VdUrPgxkUtWSuMHF6XAAFuL4LokseigBnZtPnJMu+FbynTkFNnFlyjxpVKujMRg==",
			"license": "MIT",
			"dependencies": {
				"@types/unist": "^2.0.0",
				"unist-util-is": "^5.0.0",
				"unist-util-visit-parents": "^5.1.1"
			},
			"funding": {
				"type": "opencollective",
				"url": "https://opencollective.com/unified"
			}
		},
		"node_modules/unist-util-visit-parents": {
			"version": "5.1.3",
			"resolved": "https://registry.npmjs.org/unist-util-visit-parents/-/unist-util-visit-parents-5.1.3.tgz",
			"integrity": "sha512-x6+y8g7wWMyQhL1iZfhIPhDAs7Xwbn9nRosDXl7qoPTSCy0yNxnKc+hWokFifWQIDGi154rdUqKvbCa4+1kLhg==",
			"license": "MIT",
			"dependencies": {
				"@types/unist": "^2.0.0",
				"unist-util-is": "^5.0.0"
			},
			"funding": {
				"type": "opencollective",
				"url": "https://opencollective.com/unified"
			}
		},
		"node_modules/vite": {
			"version": "6.3.5",
			"resolved": "https://registry.npmjs.org/vite/-/vite-6.3.5.tgz",
			"integrity": "sha512-cZn6NDFE7wdTpINgs++ZJ4N49W2vRp8LCKrn3Ob1kYNtOo21vfDoaV5GzBfLU4MovSAB8uNRm4jgzVQZ+mBzPQ==",
			"dev": true,
			"license": "MIT",
			"dependencies": {
				"esbuild": "^0.25.0",
				"fdir": "^6.4.4",
				"picomatch": "^4.0.2",
				"postcss": "^8.5.3",
				"rollup": "^4.34.9",
				"tinyglobby": "^0.2.13"
			},
			"bin": {
				"vite": "bin/vite.js"
			},
			"engines": {
				"node": "^18.0.0 || ^20.0.0 || >=22.0.0"
			},
			"funding": {
				"url": "https://github.com/vitejs/vite?sponsor=1"
			},
			"optionalDependencies": {
				"fsevents": "~2.3.3"
			},
			"peerDependencies": {
				"@types/node": "^18.0.0 || ^20.0.0 || >=22.0.0",
				"jiti": ">=1.21.0",
				"less": "*",
				"lightningcss": "^1.21.0",
				"sass": "*",
				"sass-embedded": "*",
				"stylus": "*",
				"sugarss": "*",
				"terser": "^5.16.0",
				"tsx": "^4.8.1",
				"yaml": "^2.4.2"
			},
			"peerDependenciesMeta": {
				"@types/node": {
					"optional": true
				},
				"jiti": {
					"optional": true
				},
				"less": {
					"optional": true
				},
				"lightningcss": {
					"optional": true
				},
				"sass": {
					"optional": true
				},
				"sass-embedded": {
					"optional": true
				},
				"stylus": {
					"optional": true
				},
				"sugarss": {
					"optional": true
				},
				"terser": {
					"optional": true
				},
				"tsx": {
					"optional": true
				},
				"yaml": {
					"optional": true
				}
			}
		},
		"node_modules/vitefu": {
			"version": "1.0.6",
			"resolved": "https://registry.npmjs.org/vitefu/-/vitefu-1.0.6.tgz",
			"integrity": "sha512-+Rex1GlappUyNN6UfwbVZne/9cYC4+R2XDk9xkNXBKMw6HQagdX9PgZ8V2v1WUSK1wfBLp7qbI1+XSNIlB1xmA==",
			"dev": true,
			"license": "MIT",
			"workspaces": [
				"tests/deps/*",
				"tests/projects/*"
			],
			"peerDependencies": {
				"vite": "^3.0.0 || ^4.0.0 || ^5.0.0 || ^6.0.0"
			},
			"peerDependenciesMeta": {
				"vite": {
					"optional": true
				}
			}
		},
		"node_modules/webgl-sdf-generator": {
			"version": "1.1.1",
			"resolved": "https://registry.npmjs.org/webgl-sdf-generator/-/webgl-sdf-generator-1.1.1.tgz",
			"integrity": "sha512-9Z0JcMTFxeE+b2x1LJTdnaT8rT8aEp7MVxkNwoycNmJWwPdzoXzMh0BjJSh/AEFP+KPYZUli814h8bJZFIZ2jA==",
			"license": "MIT"
		},
		"node_modules/yootils": {
			"version": "0.3.1",
			"resolved": "https://registry.npmjs.org/yootils/-/yootils-0.3.1.tgz",
			"integrity": "sha512-A7AMeJfGefk317I/3tBoUYRcDcNavKEkpiPN/nQsBz/viI2GvT7BtrqdPD6rGqBFN8Ax7v4obf+Cl32JF9DDVw==",
			"license": "MIT"
		},
		"node_modules/zimmerframe": {
			"version": "1.1.2",
			"resolved": "https://registry.npmjs.org/zimmerframe/-/zimmerframe-1.1.2.tgz",
			"integrity": "sha512-rAbqEGa8ovJy4pyBxZM70hg4pE6gDgaQ0Sl9M3enG3I0d6H4XSAM3GeNGLKnsBpuijUow064sf7ww1nutC5/3w==",
			"license": "MIT"
		}
	}
}
